
Microsoft Visual Studio Solution File, Format Version 12.00
# Visual Studio 2013
VisualStudioVersion = 12.0.21005.1
MinimumVisualStudioVersion = 10.0.40219.1
Project("{FAE04EC0-301F-11D3-BF4B-00C04F79EFBC}") = "LucciApplication", "LucciApplication\LucciApplication.csproj", "{114BE165-F2AA-4EF4-817C-7DF3811AAD72}"
EndProject
Project("{FAE04EC0-301F-11D3-BF4B-00C04F79EFBC}") = "LucciApplication.Tests", "LucciApplication.Tests\LucciApplication.Tests.csproj", "{CF903A07-FE68-42F5-8B5F-37A9FB20C5CD}"
EndProject
Global
	GlobalSection(SolutionConfigurationPlatforms) = preSolution
		Debug|Any CPU = Debug|Any CPU
		Release|Any CPU = Release|Any CPU
	EndGlobalSection
	GlobalSection(ProjectConfigurationPlatforms) = postSolution
		{114BE165-F2AA-4EF4-817C-7DF3811AAD72}.Debug|Any CPU.ActiveCfg = Debug|Any CPU
		{114BE165-F2AA-4EF4-817C-7DF3811AAD72}.Debug|Any CPU.Build.0 = Debug|Any CPU
		{114BE165-F2AA-4EF4-817C-7DF3811AAD72}.Release|Any CPU.ActiveCfg = Release|Any CPU
		{114BE165-F2AA-4EF4-817C-7DF3811AAD72}.Release|Any CPU.Build.0 = Release|Any CPU
		{CF903A07-FE68-42F5-8B5F-37A9FB20C5CD}.Debug|Any CPU.ActiveCfg = Debug|Any CPU
		{CF903A07-FE68-42F5-8B5F-37A9FB20C5CD}.Debug|Any CPU.Build.0 = Debug|Any CPU
		{CF903A07-FE68-42F5-8B5F-37A9FB20C5CD}.Release|Any CPU.ActiveCfg = Release|Any CPU
		{CF903A07-FE68-42F5-8B5F-37A9FB20C5CD}.Release|Any CPU.Build.0 = Release|Any CPU
	EndGlobalSection
	GlobalSection(SolutionProperties) = preSolution
		HideSolutionNode = FALSE
	EndGlobalSection
EndGlobal
